
Microsoft Visual Studio Solution File, Format Version 12.00
# Visual Studio Version 16
VisualStudioVersion = 16.0.29806.167
MinimumVisualStudioVersion = 10.0.40219.1
Project("{FAE04EC0-301F-11D3-BF4B-00C04F79EFBC}") = "ConsoleApp3", "ConsoleApp3.csproj", "{0D40B82C-6BFC-4017-80B1-82865D731DC3}"
EndProject
Global
	GlobalSection(SolutionConfigurationPlatforms) = preSolution
		Debug|Any CPU = Debug|Any CPU
		Release|Any CPU = Release|Any CPU
	EndGlobalSection
	GlobalSection(ProjectConfigurationPlatforms) = postSolution
		{0D40B82C-6BFC-4017-80B1-82865D731DC3}.Debug|Any CPU.ActiveCfg = Debug|Any CPU
		{0D40B82C-6BFC-4017-80B1-82865D731DC3}.Debug|Any CPU.Build.0 = Debug|Any CPU
		{0D40B82C-6BFC-4017-80B1-82865D731DC3}.Release|Any CPU.ActiveCfg = Release|Any CPU
		{0D40B82C-6BFC-4017-80B1-82865D731DC3}.Release|Any CPU.Build.0 = Release|Any CPU
	EndGlobalSection
	GlobalSection(SolutionProperties) = preSolution
		HideSolutionNode = FALSE
	EndGlobalSection
	GlobalSection(ExtensibilityGlobals) = postSolution
		SolutionGuid = {9BCD4618-C8AD-4B67-9CC9-AA4A9FBE856E}
	EndGlobalSection
EndGlobal
